
Microsoft Visual Studio Solution File, Format Version 12.00
# Visual Studio Version 17
VisualStudioVersion = 17.12.35527.113
MinimumVisualStudioVersion = 10.0.40219.1
Project("{FAE04EC0-301F-11D3-BF4B-00C04F79EFBC}") = "ReadonlyVsConst", "ReadonlyVsConst\ReadonlyVsConst.csproj", "{61D279BD-83E8-4E00-BA7B-4CFA5D074646}"
EndProject
Project("{FAE04EC0-301F-11D3-BF4B-00C04F79EFBC}") = "GenericNonGenericCollections", "GenericNonGenericCollections\GenericNonGenericCollections.csproj", "{B4EF00DA-67EB-451F-95A2-63033714A8AE}"
EndProject
Project("{FAE04EC0-301F-11D3-BF4B-00C04F79EFBC}") = "ReferenceVsValueType", "ReferenceVsValueType\ReferenceVsValueType.csproj", "{4BE31C89-3315-450F-B9D5-345F360943AA}"
EndProject
Project("{FAE04EC0-301F-11D3-BF4B-00C04F79EFBC}") = "BoxingVsUnboxing", "BoxingVsUnboxing\BoxingVsUnboxing.csproj", "{BBC009CB-71E3-40C0-BFCF-D4F4B2E8AC67}"
EndProject
Project("{FAE04EC0-301F-11D3-BF4B-00C04F79EFBC}") = "StringVsStringBuilder", "StringVsStringBuilder\StringVsStringBuilder.csproj", "{D4BCEB70-4069-4803-8553-CEAE11248DF2}"
EndProject
Project("{FAE04EC0-301F-11D3-BF4B-00C04F79EFBC}") = "Delegates", "Delegates\Delegates.csproj", "{6FC23922-ABCC-4E4E-A0BE-9F7F8AF32910}"
EndProject
Project("{FAE04EC0-301F-11D3-BF4B-00C04F79EFBC}") = "Events", "Events\Events.csproj", "{9CB1CEB9-C182-4365-B393-351DA21A20B4}"
EndProject
Project("{FAE04EC0-301F-11D3-BF4B-00C04F79EFBC}") = "DependencyInjection", "DependencyInjection\DependencyInjection.csproj", "{CC8E6D09-C5F4-4C26-A41B-B6CA27940E6B}"
EndProject
Project("{FAE04EC0-301F-11D3-BF4B-00C04F79EFBC}") = "Interfaces", "Interfaces\Interfaces.csproj", "{5D7CC41E-C5AE-4EC3-A757-A8782BD4FED8}"
EndProject
Project("{FAE04EC0-301F-11D3-BF4B-00C04F79EFBC}") = "DependecjInjectionGencayYildiz", "DependecjInjectionGencayYildiz\DependecjInjectionGencayYildiz.csproj", "{FE5326FE-3C33-41EF-AE0B-6F71CED43F22}"
EndProject
Project("{FAE04EC0-301F-11D3-BF4B-00C04F79EFBC}") = "AbstractClasses", "AbstractClasses\AbstractClasses.csproj", "{03D2ABE2-F5C3-4D8A-81E3-26818D6642F0}"
EndProject
Project("{FAE04EC0-301F-11D3-BF4B-00C04F79EFBC}") = "VirtualOverride", "VirtualOverride\VirtualOverride.csproj", "{49B3B0AC-B7D0-4773-B68F-9078DC043277}"
EndProject
Project("{FAE04EC0-301F-11D3-BF4B-00C04F79EFBC}") = "Polymorphism", "Polymorphism\Polymorphism.csproj", "{30D10E43-A219-44B3-9F0A-AA110A288345}"
EndProject
Global
	GlobalSection(SolutionConfigurationPlatforms) = preSolution
		Debug|Any CPU = Debug|Any CPU
		Release|Any CPU = Release|Any CPU
	EndGlobalSection
	GlobalSection(ProjectConfigurationPlatforms) = postSolution
		{61D279BD-83E8-4E00-BA7B-4CFA5D074646}.Debug|Any CPU.ActiveCfg = Debug|Any CPU
		{61D279BD-83E8-4E00-BA7B-4CFA5D074646}.Debug|Any CPU.Build.0 = Debug|Any CPU
		{61D279BD-83E8-4E00-BA7B-4CFA5D074646}.Release|Any CPU.ActiveCfg = Release|Any CPU
		{61D279BD-83E8-4E00-BA7B-4CFA5D074646}.Release|Any CPU.Build.0 = Release|Any CPU
		{B4EF00DA-67EB-451F-95A2-63033714A8AE}.Debug|Any CPU.ActiveCfg = Debug|Any CPU
		{B4EF00DA-67EB-451F-95A2-63033714A8AE}.Debug|Any CPU.Build.0 = Debug|Any CPU
		{B4EF00DA-67EB-451F-95A2-63033714A8AE}.Release|Any CPU.ActiveCfg = Release|Any CPU
		{B4EF00DA-67EB-451F-95A2-63033714A8AE}.Release|Any CPU.Build.0 = Release|Any CPU
		{4BE31C89-3315-450F-B9D5-345F360943AA}.Debug|Any CPU.ActiveCfg = Debug|Any CPU
		{4BE31C89-3315-450F-B9D5-345F360943AA}.Debug|Any CPU.Build.0 = Debug|Any CPU
		{4BE31C89-3315-450F-B9D5-345F360943AA}.Release|Any CPU.ActiveCfg = Release|Any CPU
		{4BE31C89-3315-450F-B9D5-345F360943AA}.Release|Any CPU.Build.0 = Release|Any CPU
		{BBC009CB-71E3-40C0-BFCF-D4F4B2E8AC67}.Debug|Any CPU.ActiveCfg = Debug|Any CPU
		{BBC009CB-71E3-40C0-BFCF-D4F4B2E8AC67}.Debug|Any CPU.Build.0 = Debug|Any CPU
		{BBC009CB-71E3-40C0-BFCF-D4F4B2E8AC67}.Release|Any CPU.ActiveCfg = Release|Any CPU
		{BBC009CB-71E3-40C0-BFCF-D4F4B2E8AC67}.Release|Any CPU.Build.0 = Release|Any CPU
		{D4BCEB70-4069-4803-8553-CEAE11248DF2}.Debug|Any CPU.ActiveCfg = Debug|Any CPU
		{D4BCEB70-4069-4803-8553-CEAE11248DF2}.Debug|Any CPU.Build.0 = Debug|Any CPU
		{D4BCEB70-4069-4803-8553-CEAE11248DF2}.Release|Any CPU.ActiveCfg = Release|Any CPU
		{D4BCEB70-4069-4803-8553-CEAE11248DF2}.Release|Any CPU.Build.0 = Release|Any CPU
		{6FC23922-ABCC-4E4E-A0BE-9F7F8AF32910}.Debug|Any CPU.ActiveCfg = Debug|Any CPU
		{6FC23922-ABCC-4E4E-A0BE-9F7F8AF32910}.Debug|Any CPU.Build.0 = Debug|Any CPU
		{6FC23922-ABCC-4E4E-A0BE-9F7F8AF32910}.Release|Any CPU.ActiveCfg = Release|Any CPU
		{6FC23922-ABCC-4E4E-A0BE-9F7F8AF32910}.Release|Any CPU.Build.0 = Release|Any CPU
		{9CB1CEB9-C182-4365-B393-351DA21A20B4}.Debug|Any CPU.ActiveCfg = Debug|Any CPU
		{9CB1CEB9-C182-4365-B393-351DA21A20B4}.Debug|Any CPU.Build.0 = Debug|Any CPU
		{9CB1CEB9-C182-4365-B393-351DA21A20B4}.Release|Any CPU.ActiveCfg = Release|Any CPU
		{9CB1CEB9-C182-4365-B393-351DA21A20B4}.Release|Any CPU.Build.0 = Release|Any CPU
		{CC8E6D09-C5F4-4C26-A41B-B6CA27940E6B}.Debug|Any CPU.ActiveCfg = Debug|Any CPU
		{CC8E6D09-C5F4-4C26-A41B-B6CA27940E6B}.Debug|Any CPU.Build.0 = Debug|Any CPU
		{CC8E6D09-C5F4-4C26-A41B-B6CA27940E6B}.Release|Any CPU.ActiveCfg = Release|Any CPU
		{CC8E6D09-C5F4-4C26-A41B-B6CA27940E6B}.Release|Any CPU.Build.0 = Release|Any CPU
		{5D7CC41E-C5AE-4EC3-A757-A8782BD4FED8}.Debug|Any CPU.ActiveCfg = Debug|Any CPU
		{5D7CC41E-C5AE-4EC3-A757-A8782BD4FED8}.Debug|Any CPU.Build.0 = Debug|Any CPU
		{5D7CC41E-C5AE-4EC3-A757-A8782BD4FED8}.Release|Any CPU.ActiveCfg = Release|Any CPU
		{5D7CC41E-C5AE-4EC3-A757-A8782BD4FED8}.Release|Any CPU.Build.0 = Release|Any CPU
		{FE5326FE-3C33-41EF-AE0B-6F71CED43F22}.Debug|Any CPU.ActiveCfg = Debug|Any CPU
		{FE5326FE-3C33-41EF-AE0B-6F71CED43F22}.Debug|Any CPU.Build.0 = Debug|Any CPU
		{FE5326FE-3C33-41EF-AE0B-6F71CED43F22}.Release|Any CPU.ActiveCfg = Release|Any CPU
		{FE5326FE-3C33-41EF-AE0B-6F71CED43F22}.Release|Any CPU.Build.0 = Release|Any CPU
		{03D2ABE2-F5C3-4D8A-81E3-26818D6642F0}.Debug|Any CPU.ActiveCfg = Debug|Any CPU
		{03D2ABE2-F5C3-4D8A-81E3-26818D6642F0}.Debug|Any CPU.Build.0 = Debug|Any CPU
		{03D2ABE2-F5C3-4D8A-81E3-26818D6642F0}.Release|Any CPU.ActiveCfg = Release|Any CPU
		{03D2ABE2-F5C3-4D8A-81E3-26818D6642F0}.Release|Any CPU.Build.0 = Release|Any CPU
		{49B3B0AC-B7D0-4773-B68F-9078DC043277}.Debug|Any CPU.ActiveCfg = Debug|Any CPU
		{49B3B0AC-B7D0-4773-B68F-9078DC043277}.Debug|Any CPU.Build.0 = Debug|Any CPU
		{49B3B0AC-B7D0-4773-B68F-9078DC043277}.Release|Any CPU.ActiveCfg = Release|Any CPU
		{49B3B0AC-B7D0-4773-B68F-9078DC043277}.Release|Any CPU.Build.0 = Release|Any CPU
		{30D10E43-A219-44B3-9F0A-AA110A288345}.Debug|Any CPU.ActiveCfg = Debug|Any CPU
		{30D10E43-A219-44B3-9F0A-AA110A288345}.Debug|Any CPU.Build.0 = Debug|Any CPU
		{30D10E43-A219-44B3-9F0A-AA110A288345}.Release|Any CPU.ActiveCfg = Release|Any CPU
		{30D10E43-A219-44B3-9F0A-AA110A288345}.Release|Any CPU.Build.0 = Release|Any CPU
	EndGlobalSection
	GlobalSection(SolutionProperties) = preSolution
		HideSolutionNode = FALSE
	EndGlobalSection
EndGlobal
